<?xml version="1.0" encoding="utf-8"?>
<Project ToolsVersion="4.0" xmlns="http://schemas.microsoft.com/developer/msbuild/2003">
  <ItemGroup>
    <Filter Include="launch">
      <UniqueIdentifier>{b1ef7817-a437-4af9-82d2-1c4d923d8b40}</UniqueIdentifier>
    </Filter>
    <Filter Include="core">
      <UniqueIdentifier>{59cde3ca-74be-4dfa-8e9c-00e6d212479b}</UniqueIdentifier>
    </Filter>
    <Filter Include="thirdparty">
      <UniqueIdentifier>{75fca038-5bad-4289-82ec-6d4d025be719}</UniqueIdentifier>
    </Filter>
    <Filter Include="system">
      <UniqueIdentifier>{651d7baf-6780-464b-b4f7-e48de1ffb64d}</UniqueIdentifier>
    </Filter>
    <Filter Include="system\asset_manager">
      <UniqueIdentifier>{8b4f9c6a-4362-4b17-91ad-b24aa01e4cab}</UniqueIdentifier>
    </Filter>
    <Filter Include="system\gui">
      <UniqueIdentifier>{1370862b-e7db-4e23-b266-93743b1e0381}</UniqueIdentifier>
    </Filter>
    <Filter Include="system\gui\widget">
      <UniqueIdentifier>{d72611fd-7dfa-4986-a5d0-fe33d5dba9c5}</UniqueIdentifier>
    </Filter>
    <Filter Include="system\renderer">
      <UniqueIdentifier>{cdc54b72-d233-4193-b6ed-1b50802027f7}</UniqueIdentifier>
    </Filter>
    <Filter Include="scene">
      <UniqueIdentifier>{3be77d9b-d0d7-470f-9be6-f3cfeeda9773}</UniqueIdentifier>
    </Filter>
    <Filter Include="engine">
      <UniqueIdentifier>{62f89ab7-8f7f-4a5d-976c-1de9755d8e0c}</UniqueIdentifier>
    </Filter>
    <Filter Include="system\input">
      <UniqueIdentifier>{7e57672d-3c8a-492a-b2fc-583f60a9757e}</UniqueIdentifier>
    </Filter>
  </ItemGroup>
  <ItemGroup>
    <ClCompile Include="launch\win_main.cpp">
      <Filter>launch</Filter>
    </ClCompile>
    <ClCompile Include="launch\launch.cpp">
      <Filter>launch</Filter>
    </ClCompile>
    <ClCompile Include="launch\launch.ixx">
      <Filter>launch</Filter>
    </ClCompile>
    <ClCompile Include="system\renderer\renderer.ixx">
      <Filter>system\renderer</Filter>
    </ClCompile>
    <ClCompile Include="system\renderer\renderer.cpp">
      <Filter>system\renderer</Filter>
    </ClCompile>
    <ClCompile Include="system\renderer\rhi.ixx">
      <Filter>system\renderer</Filter>
    </ClCompile>
    <ClCompile Include="scene\game_object.ixx">
      <Filter>scene</Filter>
    </ClCompile>
    <ClCompile Include="scene\scene.ixx">
      <Filter>scene</Filter>
    </ClCompile>
    <ClCompile Include="core\core.ixx">
      <Filter>core</Filter>
    </ClCompile>
    <ClCompile Include="core\file_manager.ixx">
      <Filter>core</Filter>
    </ClCompile>
    <ClCompile Include="core\file_mananger.cpp">
      <Filter>core</Filter>
    </ClCompile>
    <ClCompile Include="core\asset_manager.ixx">
      <Filter>system\asset_manager</Filter>
    </ClCompile>
    <ClCompile Include="core\asset_manager.cpp">
      <Filter>system\asset_manager</Filter>
    </ClCompile>
    <ClCompile Include="system\gui\application.ixx">
      <Filter>system\gui</Filter>
    </ClCompile>
    <ClCompile Include="system\gui\application.cpp">
      <Filter>system\gui</Filter>
    </ClCompile>
    <ClCompile Include="system\gui\canvas.ixx">
      <Filter>system\gui</Filter>
    </ClCompile>
    <ClCompile Include="game_manager.ixx">
      <Filter>system</Filter>
    </ClCompile>
    <ClCompile Include="game_manager.cpp">
      <Filter>system</Filter>
    </ClCompile>
    <ClCompile Include="scene\sprite.ixx">
      <Filter>scene</Filter>
    </ClCompile>
    <ClCompile Include="engine\engine_loop.ixx">
      <Filter>engine</Filter>
    </ClCompile>
    <ClCompile Include="engine\engine_loop.cpp">
      <Filter>engine</Filter>
    </ClCompile>
    <ClCompile Include="engine\engine.ixx">
      <Filter>engine</Filter>
    </ClCompile>
    <ClCompile Include="engine\engine.cpp">
      <Filter>engine</Filter>
    </ClCompile>
    <ClCompile Include="system\renderer\gdiplus.ixx">
      <Filter>system\renderer</Filter>
    </ClCompile>
    <ClCompile Include="system\renderer\gdiplus.cpp">
      <Filter>system\renderer</Filter>
    </ClCompile>
    <ClCompile Include="core\atlas.ixx">
      <Filter>core</Filter>
    </ClCompile>
    <ClCompile Include="scene\sprite.cpp">
      <Filter>scene</Filter>
    </ClCompile>
    <ClCompile Include="scene\scene.cpp">
      <Filter>scene</Filter>
    </ClCompile>
    <ClCompile Include="core\texture.ixx">
      <Filter>core</Filter>
    </ClCompile>
    <ClCompile Include="core\texture.cpp">
      <Filter>core</Filter>
    </ClCompile>
    <ClCompile Include="system\input\input.ixx">
      <Filter>system\input</Filter>
    </ClCompile>
    <ClCompile Include="system\input\input.cpp">
      <Filter>system\input</Filter>
    </ClCompile>
  </ItemGroup>
  <ItemGroup>
    <ClInclude Include="thirdparty\json.hpp">
      <Filter>thirdparty</Filter>
    </ClInclude>
  </ItemGroup>
</Project>